{
  "requires": true,
  "lockfileVersion": 1,
  "dependencies": {
    "gaintime": {
      "version": "3.0.0",
      "resolved": "https://registry.npmjs.org/gaintime/-/gaintime-3.0.0.tgz",
      "integrity": "sha512-1cIREBWHLvD4n/bUoU1N+iOvoxO4mi1weZRHGK8STF+vIFW2QcyXR3sksjwGkIhjRv9Avhaqccj2yf27IGkV8g=="
    }
  }
}
